<?xml version="1.0" encoding="utf-8"?>
<Project ToolsVersion="4.0" xmlns="http://schemas.microsoft.com/developer/msbuild/2003">
  <ItemGroup>
    <Filter Include="resources">
      <UniqueIdentifier>{202B5BA7-8C95-0F1E-D5D3-C0C3417DED72}</UniqueIdentifier>
    </Filter>
    <Filter Include="resources\shaders">
      <UniqueIdentifier>{19081037-851E-0ECD-CE95-99EE3AEBDE54}</UniqueIdentifier>
    </Filter>
    <Filter Include="resources\textures">
      <UniqueIdentifier>{131D3555-FF00-F6AA-6861-F0FD5464E02C}</UniqueIdentifier>
    </Filter>
    <Filter Include="src">
      <UniqueIdentifier>{2DAB880B-99B4-887C-2230-9F7C8E38947C}</UniqueIdentifier>
    </Filter>
    <Filter Include="src\vendor">
      <UniqueIdentifier>{EA4CE07F-D604-22CD-3F0C-FB282BE3BCBD}</UniqueIdentifier>
    </Filter>
  </ItemGroup>
  <ItemGroup>
    <ClInclude Include="src\structs.h">
      <Filter>src</Filter>
    </ClInclude>
    <ClInclude Include="src\ui.h">
      <Filter>src</Filter>
    </ClInclude>
  </ItemGroup>
  <ItemGroup>
    <ClCompile Include="src\main.cpp">
      <Filter>src</Filter>
    </ClCompile>
    <ClCompile Include="src\structs.cpp">
      <Filter>src</Filter>
    </ClCompile>
    <ClCompile Include="src\ui.cpp">
      <Filter>src</Filter>
    </ClCompile>
    <ClCompile Include="src\vendor\stb_image.cpp">
      <Filter>src\vendor</Filter>
    </ClCompile>
  </ItemGroup>
  <ItemGroup>
    <None Include="resources\shaders\basic_f.glsl">
      <Filter>resources\shaders</Filter>
    </None>
    <None Include="resources\shaders\basic_v.glsl">
      <Filter>resources\shaders</Filter>
    </None>
    <None Include="resources\shaders\fragment.glsl">
      <Filter>resources\shaders</Filter>
    </None>
    <None Include="resources\shaders\phong_f.glsl">
      <Filter>resources\shaders</Filter>
    </None>
    <None Include="resources\shaders\phong_v.glsl">
      <Filter>resources\shaders</Filter>
    </None>
    <None Include="resources\shaders\tex_f.glsl">
      <Filter>resources\shaders</Filter>
    </None>
    <None Include="resources\shaders\tex_v.glsl">
      <Filter>resources\shaders</Filter>
    </None>
    <None Include="resources\shaders\vertex.glsl">
      <Filter>resources\shaders</Filter>
    </None>
  </ItemGroup>
  <ItemGroup>
    <Image Include="resources\textures\tu_transparent.png">
      <Filter>resources\textures</Filter>
    </Image>
    <Image Include="resources\textures\tu_white.png">
      <Filter>resources\textures</Filter>
    </Image>
  </ItemGroup>
</Project>